
Microsoft Visual Studio Solution File, Format Version 12.00
# Visual Studio 15
VisualStudioVersion = 15.0.28307.779
MinimumVisualStudioVersion = 10.0.40219.1
Project("{FAE04EC0-301F-11D3-BF4B-00C04F79EFBC}") = "Graphs", "Graphs\Graphs.csproj", "{3F714A67-4982-482A-8545-123C2609F3E7}"
EndProject
Project("{FAE04EC0-301F-11D3-BF4B-00C04F79EFBC}") = "TreeExercise", "TreeExercise\TreeExercise.csproj", "{A8F5059D-A450-4D08-A6DA-A591C3D6516A}"
EndProject
Project("{FAE04EC0-301F-11D3-BF4B-00C04F79EFBC}") = "Sorting", "Sorting\Sorting.csproj", "{B2F3EE01-3011-4D1A-A819-70930DE0B290}"
EndProject
Global
	GlobalSection(SolutionConfigurationPlatforms) = preSolution
		Debug|Any CPU = Debug|Any CPU
		Release|Any CPU = Release|Any CPU
	EndGlobalSection
	GlobalSection(ProjectConfigurationPlatforms) = postSolution
		{3F714A67-4982-482A-8545-123C2609F3E7}.Debug|Any CPU.ActiveCfg = Debug|Any CPU
		{3F714A67-4982-482A-8545-123C2609F3E7}.Debug|Any CPU.Build.0 = Debug|Any CPU
		{3F714A67-4982-482A-8545-123C2609F3E7}.Release|Any CPU.ActiveCfg = Release|Any CPU
		{3F714A67-4982-482A-8545-123C2609F3E7}.Release|Any CPU.Build.0 = Release|Any CPU
		{A8F5059D-A450-4D08-A6DA-A591C3D6516A}.Debug|Any CPU.ActiveCfg = Debug|Any CPU
		{A8F5059D-A450-4D08-A6DA-A591C3D6516A}.Debug|Any CPU.Build.0 = Debug|Any CPU
		{A8F5059D-A450-4D08-A6DA-A591C3D6516A}.Release|Any CPU.ActiveCfg = Release|Any CPU
		{A8F5059D-A450-4D08-A6DA-A591C3D6516A}.Release|Any CPU.Build.0 = Release|Any CPU
		{B2F3EE01-3011-4D1A-A819-70930DE0B290}.Debug|Any CPU.ActiveCfg = Debug|Any CPU
		{B2F3EE01-3011-4D1A-A819-70930DE0B290}.Debug|Any CPU.Build.0 = Debug|Any CPU
		{B2F3EE01-3011-4D1A-A819-70930DE0B290}.Release|Any CPU.ActiveCfg = Release|Any CPU
		{B2F3EE01-3011-4D1A-A819-70930DE0B290}.Release|Any CPU.Build.0 = Release|Any CPU
	EndGlobalSection
	GlobalSection(SolutionProperties) = preSolution
		HideSolutionNode = FALSE
	EndGlobalSection
	GlobalSection(ExtensibilityGlobals) = postSolution
		SolutionGuid = {D2E82280-30CE-412C-A3E1-8C0DA6EA3C83}
	EndGlobalSection
EndGlobal
