
Microsoft Visual Studio Solution File, Format Version 12.00
# Visual Studio 15
VisualStudioVersion = 15.0.28307.779
MinimumVisualStudioVersion = 10.0.40219.1
Project("{FAE04EC0-301F-11D3-BF4B-00C04F79EFBC}") = "WebHubAppSR", "WebHubAppSR\WebHubAppSR.csproj", "{636BC873-051C-46A4-8376-19184FADAEB1}"
EndProject
Project("{FAE04EC0-301F-11D3-BF4B-00C04F79EFBC}") = "WebHubDefinitonLib", "WebHubDefinitonLib\WebHubDefinitonLib.csproj", "{4C775CF7-76F3-4A63-8F37-11076828F7B0}"
EndProject
Project("{FAE04EC0-301F-11D3-BF4B-00C04F79EFBC}") = "WebHubDefinitonFWLib", "WebHubDefinitonFWLib\WebHubDefinitonFWLib.csproj", "{6C1F2B9F-1E90-4727-A556-F7514BC3A4A2}"
EndProject
Global
	GlobalSection(SolutionConfigurationPlatforms) = preSolution
		Debug|Any CPU = Debug|Any CPU
		Release|Any CPU = Release|Any CPU
	EndGlobalSection
	GlobalSection(ProjectConfigurationPlatforms) = postSolution
		{636BC873-051C-46A4-8376-19184FADAEB1}.Debug|Any CPU.ActiveCfg = Debug|Any CPU
		{636BC873-051C-46A4-8376-19184FADAEB1}.Debug|Any CPU.Build.0 = Debug|Any CPU
		{636BC873-051C-46A4-8376-19184FADAEB1}.Release|Any CPU.ActiveCfg = Release|Any CPU
		{636BC873-051C-46A4-8376-19184FADAEB1}.Release|Any CPU.Build.0 = Release|Any CPU
		{4C775CF7-76F3-4A63-8F37-11076828F7B0}.Debug|Any CPU.ActiveCfg = Debug|Any CPU
		{4C775CF7-76F3-4A63-8F37-11076828F7B0}.Debug|Any CPU.Build.0 = Debug|Any CPU
		{4C775CF7-76F3-4A63-8F37-11076828F7B0}.Release|Any CPU.ActiveCfg = Release|Any CPU
		{4C775CF7-76F3-4A63-8F37-11076828F7B0}.Release|Any CPU.Build.0 = Release|Any CPU
		{6C1F2B9F-1E90-4727-A556-F7514BC3A4A2}.Debug|Any CPU.ActiveCfg = Debug|Any CPU
		{6C1F2B9F-1E90-4727-A556-F7514BC3A4A2}.Debug|Any CPU.Build.0 = Debug|Any CPU
		{6C1F2B9F-1E90-4727-A556-F7514BC3A4A2}.Release|Any CPU.ActiveCfg = Release|Any CPU
		{6C1F2B9F-1E90-4727-A556-F7514BC3A4A2}.Release|Any CPU.Build.0 = Release|Any CPU
	EndGlobalSection
	GlobalSection(SolutionProperties) = preSolution
		HideSolutionNode = FALSE
	EndGlobalSection
	GlobalSection(ExtensibilityGlobals) = postSolution
		SolutionGuid = {F710006E-33FC-4266-971B-596E614394E3}
	EndGlobalSection
EndGlobal
