
Microsoft Visual Studio Solution File, Format Version 12.00
# Visual Studio 15
VisualStudioVersion = 15.0.28010.2050
MinimumVisualStudioVersion = 10.0.40219.1
Project("{FAE04EC0-301F-11D3-BF4B-00C04F79EFBC}") = "SortedDictionaryType", "SortedDictionaryType\SortedDictionaryType.csproj", "{B292D8D6-22DD-48CA-998C-57C3344CBA47}"
EndProject
Global
	GlobalSection(SolutionConfigurationPlatforms) = preSolution
		Debug|Any CPU = Debug|Any CPU
		Release|Any CPU = Release|Any CPU
	EndGlobalSection
	GlobalSection(ProjectConfigurationPlatforms) = postSolution
		{B292D8D6-22DD-48CA-998C-57C3344CBA47}.Debug|Any CPU.ActiveCfg = Debug|Any CPU
		{B292D8D6-22DD-48CA-998C-57C3344CBA47}.Debug|Any CPU.Build.0 = Debug|Any CPU
		{B292D8D6-22DD-48CA-998C-57C3344CBA47}.Release|Any CPU.ActiveCfg = Release|Any CPU
		{B292D8D6-22DD-48CA-998C-57C3344CBA47}.Release|Any CPU.Build.0 = Release|Any CPU
	EndGlobalSection
	GlobalSection(SolutionProperties) = preSolution
		HideSolutionNode = FALSE
	EndGlobalSection
	GlobalSection(ExtensibilityGlobals) = postSolution
		SolutionGuid = {196A8977-9F73-484E-8794-B3ACDC93F1E3}
	EndGlobalSection
EndGlobal
