
Microsoft Visual Studio Solution File, Format Version 12.00
# Visual Studio Version 16
VisualStudioVersion = 16.0.31702.278
MinimumVisualStudioVersion = 10.0.40219.1
Project("{FAE04EC0-301F-11D3-BF4B-00C04F79EFBC}") = "ConsoleAppCentos", "ConsoleAppCentos.csproj", "{0DCC7491-31EB-4C9A-8B07-9870154BBB00}"
EndProject
Global
	GlobalSection(SolutionConfigurationPlatforms) = preSolution
		Debug|Any CPU = Debug|Any CPU
		Release|Any CPU = Release|Any CPU
	EndGlobalSection
	GlobalSection(ProjectConfigurationPlatforms) = postSolution
		{0DCC7491-31EB-4C9A-8B07-9870154BBB00}.Debug|Any CPU.ActiveCfg = Debug|Any CPU
		{0DCC7491-31EB-4C9A-8B07-9870154BBB00}.Debug|Any CPU.Build.0 = Debug|Any CPU
		{0DCC7491-31EB-4C9A-8B07-9870154BBB00}.Release|Any CPU.ActiveCfg = Release|Any CPU
		{0DCC7491-31EB-4C9A-8B07-9870154BBB00}.Release|Any CPU.Build.0 = Release|Any CPU
	EndGlobalSection
	GlobalSection(SolutionProperties) = preSolution
		HideSolutionNode = FALSE
	EndGlobalSection
	GlobalSection(ExtensibilityGlobals) = postSolution
		SolutionGuid = {614348B1-F3F9-4181-B0C9-1297DB7DEFDE}
	EndGlobalSection
EndGlobal
