
Microsoft Visual Studio Solution File, Format Version 12.00
# Visual Studio 15
VisualStudioVersion = 15.0.28010.2050
MinimumVisualStudioVersion = 10.0.40219.1
Project("{FAE04EC0-301F-11D3-BF4B-00C04F79EFBC}") = "palindromeApp", "palindromeApp\palindromeApp.csproj", "{13F24BFA-C9E0-4C3B-A164-9186E0F409B4}"
EndProject
Global
	GlobalSection(SolutionConfigurationPlatforms) = preSolution
		Debug|Any CPU = Debug|Any CPU
		Release|Any CPU = Release|Any CPU
	EndGlobalSection
	GlobalSection(ProjectConfigurationPlatforms) = postSolution
		{13F24BFA-C9E0-4C3B-A164-9186E0F409B4}.Debug|Any CPU.ActiveCfg = Debug|Any CPU
		{13F24BFA-C9E0-4C3B-A164-9186E0F409B4}.Debug|Any CPU.Build.0 = Debug|Any CPU
		{13F24BFA-C9E0-4C3B-A164-9186E0F409B4}.Release|Any CPU.ActiveCfg = Release|Any CPU
		{13F24BFA-C9E0-4C3B-A164-9186E0F409B4}.Release|Any CPU.Build.0 = Release|Any CPU
	EndGlobalSection
	GlobalSection(SolutionProperties) = preSolution
		HideSolutionNode = FALSE
	EndGlobalSection
	GlobalSection(ExtensibilityGlobals) = postSolution
		SolutionGuid = {48763609-C64D-4E36-97AF-8CB5D26C7AE4}
	EndGlobalSection
EndGlobal
